
Microsoft Visual Studio Solution File, Format Version 12.00
# Visual Studio Version 16
VisualStudioVersion = 16.0.31205.134
MinimumVisualStudioVersion = 10.0.40219.1
Project("{8BC9CEB8-8B4A-11D0-8D11-00A0C91BC942}") = "RayTracer", "RayTracer.vcxproj", "{A6621952-1C42-47B1-9D5D-572E99CA1152}"
EndProject
Global
	GlobalSection(SolutionConfigurationPlatforms) = preSolution
		Debug|x64 = Debug|x64
		Release|x64 = Release|x64
	EndGlobalSection
	GlobalSection(ProjectConfigurationPlatforms) = postSolution
		{A6621952-1C42-47B1-9D5D-572E99CA1152}.Debug|x64.ActiveCfg = Debug|x64
		{A6621952-1C42-47B1-9D5D-572E99CA1152}.Debug|x64.Build.0 = Debug|x64
		{A6621952-1C42-47B1-9D5D-572E99CA1152}.Release|x64.ActiveCfg = Release|x64
		{A6621952-1C42-47B1-9D5D-572E99CA1152}.Release|x64.Build.0 = Release|x64
	EndGlobalSection
	GlobalSection(SolutionProperties) = preSolution
		HideSolutionNode = FALSE
	EndGlobalSection
	GlobalSection(ExtensibilityGlobals) = postSolution
		SolutionGuid = {E8B72F80-0C0D-4F81-8CF0-C1E342EBF282}
	EndGlobalSection
EndGlobal
